
Microsoft Visual Studio Solution File, Format Version 12.00
# Visual Studio Version 16
VisualStudioVersion = 16.0.29806.167
MinimumVisualStudioVersion = 10.0.40219.1
Project("{FAE04EC0-301F-11D3-BF4B-00C04F79EFBC}") = "Superhero_App", "Superhero_App.csproj", "{76116E21-BF23-4398-9327-3BC40D59B152}"
EndProject
Global
	GlobalSection(SolutionConfigurationPlatforms) = preSolution
		Debug|Any CPU = Debug|Any CPU
		Release|Any CPU = Release|Any CPU
	EndGlobalSection
	GlobalSection(ProjectConfigurationPlatforms) = postSolution
		{76116E21-BF23-4398-9327-3BC40D59B152}.Debug|Any CPU.ActiveCfg = Debug|Any CPU
		{76116E21-BF23-4398-9327-3BC40D59B152}.Debug|Any CPU.Build.0 = Debug|Any CPU
		{76116E21-BF23-4398-9327-3BC40D59B152}.Release|Any CPU.ActiveCfg = Release|Any CPU
		{76116E21-BF23-4398-9327-3BC40D59B152}.Release|Any CPU.Build.0 = Release|Any CPU
	EndGlobalSection
	GlobalSection(SolutionProperties) = preSolution
		HideSolutionNode = FALSE
	EndGlobalSection
	GlobalSection(ExtensibilityGlobals) = postSolution
		SolutionGuid = {C3C2DF03-8DE4-4C3B-96A8-ECBF9232F351}
	EndGlobalSection
EndGlobal
